
Microsoft Visual Studio Solution File, Format Version 12.00
# Visual Studio Version 16
VisualStudioVersion = 16.0.30717.126
MinimumVisualStudioVersion = 10.0.40219.1
Project("{FAE04EC0-301F-11D3-BF4B-00C04F79EFBC}") = "urun_kdv_vergi", "urun_kdv_vergi\urun_kdv_vergi.csproj", "{2D2400CB-97CE-48E3-BF7A-8A30A0EB8E0C}"
EndProject
Global
	GlobalSection(SolutionConfigurationPlatforms) = preSolution
		Debug|Any CPU = Debug|Any CPU
		Release|Any CPU = Release|Any CPU
	EndGlobalSection
	GlobalSection(ProjectConfigurationPlatforms) = postSolution
		{2D2400CB-97CE-48E3-BF7A-8A30A0EB8E0C}.Debug|Any CPU.ActiveCfg = Debug|Any CPU
		{2D2400CB-97CE-48E3-BF7A-8A30A0EB8E0C}.Debug|Any CPU.Build.0 = Debug|Any CPU
		{2D2400CB-97CE-48E3-BF7A-8A30A0EB8E0C}.Release|Any CPU.ActiveCfg = Release|Any CPU
		{2D2400CB-97CE-48E3-BF7A-8A30A0EB8E0C}.Release|Any CPU.Build.0 = Release|Any CPU
	EndGlobalSection
	GlobalSection(SolutionProperties) = preSolution
		HideSolutionNode = FALSE
	EndGlobalSection
	GlobalSection(ExtensibilityGlobals) = postSolution
		SolutionGuid = {8A77B325-1868-4ECE-9610-1080BAF725FA}
	EndGlobalSection
EndGlobal
